<?xml version="1.0" encoding="utf-8"?>
<Project ToolsVersion="4.0" xmlns="http://schemas.microsoft.com/developer/msbuild/2003">
  <ItemGroup>
    <Filter Include="Common">
      <UniqueIdentifier>42230e42-5235-4711-990b-096b35440cee</UniqueIdentifier>
    </Filter>
    <Filter Include="Assets">
      <UniqueIdentifier>e0b39bf4-0eee-47ef-a654-c1220e510d82</UniqueIdentifier>
      <Extensions>ico;cur;bmp;dds;dlg;fbx;rct;bin;rgs;gif;jpg;jpeg;jpe;resx;tga;tiff;tif;png;wav;mfcribbon-ms</Extensions>
    </Filter>
    <Filter Include="Sources">
      <UniqueIdentifier>{27edce05-ed75-416d-bbd9-7d7adc968ed2}</UniqueIdentifier>
    </Filter>
    <Filter Include="Headers">
      <UniqueIdentifier>{74ccbbe4-c8b7-4928-8a0a-e7f9812869b7}</UniqueIdentifier>
    </Filter>
  </ItemGroup>
  <ItemGroup>
    <ClInclude Include="pch.h" />
    <ClInclude Include="Game.h" />
    <ClInclude Include="StepTimer.h">
      <Filter>Common</Filter>
    </ClInclude>
    <ClInclude Include="DeviceResources.h">
      <Filter>Common</Filter>
    </ClInclude>
    <ClInclude Include="Headers\GameEntity.h">
      <Filter>Headers</Filter>
    </ClInclude>
    <ClInclude Include="Headers\GameScene.h">
      <Filter>Headers</Filter>
    </ClInclude>
    <ClInclude Include="Headers\Input.h">
      <Filter>Headers</Filter>
    </ClInclude>
    <ClInclude Include="Headers\Miner.h">
      <Filter>Headers</Filter>
    </ClInclude>
    <ClInclude Include="Headers\MinerSM.h">
      <Filter>Headers</Filter>
    </ClInclude>
    <ClInclude Include="Headers\MinerStates.h">
      <Filter>Headers</Filter>
    </ClInclude>
    <ClInclude Include="Headers\State.h">
      <Filter>Headers</Filter>
    </ClInclude>
    <ClInclude Include="Headers\StateMachine.h">
      <Filter>Headers</Filter>
    </ClInclude>
    <ClInclude Include="Headers\UIButton.h">
      <Filter>Headers</Filter>
    </ClInclude>
    <ClInclude Include="Headers\UIEntity.h">
      <Filter>Headers</Filter>
    </ClInclude>
    <ClInclude Include="Headers\BaseEntity.h">
      <Filter>Headers</Filter>
    </ClInclude>
    <ClInclude Include="Headers\AnimatedEntity.h">
      <Filter>Headers</Filter>
    </ClInclude>
    <ClInclude Include="AnimatedTexture.h">
      <Filter>Common</Filter>
    </ClInclude>
    <ClInclude Include="Headers\Wife.h">
      <Filter>Headers</Filter>
    </ClInclude>
    <ClInclude Include="Headers\WifeSM.h">
      <Filter>Headers</Filter>
    </ClInclude>
    <ClInclude Include="Headers\WifeStates.h">
      <Filter>Headers</Filter>
    </ClInclude>
    <ClInclude Include="Headers\ClickerButton.h">
      <Filter>Headers</Filter>
    </ClInclude>
    <ClInclude Include="Headers\BTNodes.h">
      <Filter>Headers</Filter>
    </ClInclude>
    <ClInclude Include="Headers\Blackboard.h" />
  </ItemGroup>
  <ItemGroup>
    <ClCompile Include="pch.cpp" />
    <ClCompile Include="Game.cpp" />
    <ClCompile Include="Main.cpp" />
    <ClCompile Include="DeviceResources.cpp">
      <Filter>Common</Filter>
    </ClCompile>
    <ClCompile Include="Sources\AnimatedEntity.cpp">
      <Filter>Sources</Filter>
    </ClCompile>
    <ClCompile Include="Sources\BaseEntity.cpp">
      <Filter>Sources</Filter>
    </ClCompile>
    <ClCompile Include="Sources\GameEntity.cpp">
      <Filter>Sources</Filter>
    </ClCompile>
    <ClCompile Include="Sources\GameScene.cpp">
      <Filter>Sources</Filter>
    </ClCompile>
    <ClCompile Include="Sources\Input.cpp">
      <Filter>Sources</Filter>
    </ClCompile>
    <ClCompile Include="Sources\Miner.cpp">
      <Filter>Sources</Filter>
    </ClCompile>
    <ClCompile Include="Sources\MinerSM.cpp">
      <Filter>Sources</Filter>
    </ClCompile>
    <ClCompile Include="Sources\MinerStates.cpp">
      <Filter>Sources</Filter>
    </ClCompile>
    <ClCompile Include="Sources\State.cpp">
      <Filter>Sources</Filter>
    </ClCompile>
    <ClCompile Include="Sources\StateMachine.cpp">
      <Filter>Sources</Filter>
    </ClCompile>
    <ClCompile Include="Sources\UIButton.cpp">
      <Filter>Sources</Filter>
    </ClCompile>
    <ClCompile Include="Sources\UIEntity.cpp">
      <Filter>Sources</Filter>
    </ClCompile>
    <ClCompile Include="Sources\WifeSM.cpp">
      <Filter>Sources</Filter>
    </ClCompile>
    <ClCompile Include="Sources\Wife.cpp">
      <Filter>Sources</Filter>
    </ClCompile>
    <ClCompile Include="Sources\WifeStates.cpp">
      <Filter>Sources</Filter>
    </ClCompile>
    <ClCompile Include="Sources\ClickerButton.cpp">
      <Filter>Sources</Filter>
    </ClCompile>
    <ClCompile Include="Sources\BTNodes.cpp">
      <Filter>Sources</Filter>
    </ClCompile>
    <ClCompile Include="Sources\Blackboard.cpp" />
  </ItemGroup>
  <ItemGroup>
    <ResourceCompile Include="resource.rc" />
  </ItemGroup>
  <ItemGroup>
    <Image Include="directx.ico">
      <Filter>Assets</Filter>
    </Image>
  </ItemGroup>
  <ItemGroup>
    <Manifest Include="settings.manifest">
      <Filter>Assets</Filter>
    </Manifest>
  </ItemGroup>
  <ItemGroup>
    <None Include="packages.config" />
  </ItemGroup>
</Project>